
Microsoft Visual Studio Solution File, Format Version 12.00
# Visual Studio Version 16
VisualStudioVersion = 16.0.33529.622
MinimumVisualStudioVersion = 10.0.40219.1
Project("{D2ABAB84-BF74-430A-B69E-9DC6D40DDA17}") = "MultidimensionalProject1", "MultidimensionalProject1\MultidimensionalProject1.dwproj", "{7467DDE1-791E-45EB-83C5-B3057DD7109D}"
EndProject
Global
	GlobalSection(SolutionConfigurationPlatforms) = preSolution
		Development|Default = Development|Default
	EndGlobalSection
	GlobalSection(ProjectConfigurationPlatforms) = postSolution
		{7467DDE1-791E-45EB-83C5-B3057DD7109D}.Development|Default.ActiveCfg = Development
		{7467DDE1-791E-45EB-83C5-B3057DD7109D}.Development|Default.Build.0 = Development
		{7467DDE1-791E-45EB-83C5-B3057DD7109D}.Development|Default.Deploy.0 = Development
	EndGlobalSection
	GlobalSection(SolutionProperties) = preSolution
		HideSolutionNode = FALSE
	EndGlobalSection
	GlobalSection(ExtensibilityGlobals) = postSolution
		SolutionGuid = {925DA5E7-7090-43C0-A325-8EA886A861EC}
	EndGlobalSection
EndGlobal
